
Microsoft Visual Studio Solution File, Format Version 12.00
# Visual Studio 15
VisualStudioVersion = 15.0.26730.16
MinimumVisualStudioVersion = 10.0.40219.1
Project("{FAE04EC0-301F-11D3-BF4B-00C04F79EFBC}") = "ToDoApp", "ToDoApp\ToDoApp.csproj", "{EC704F65-F6A0-4635-BF83-2A74DB858480}"
EndProject
Project("{FAE04EC0-301F-11D3-BF4B-00C04F79EFBC}") = "ToDoApp.Core", "ToDoApp.Core\ToDoApp.Core.csproj", "{1457B657-1A5A-49B9-904B-581A18F2D10A}"
EndProject
Project("{FAE04EC0-301F-11D3-BF4B-00C04F79EFBC}") = "ToDoApp.Infrastructure", "ToDoApp.Infrastructure\ToDoApp.Infrastructure.csproj", "{181AFEDF-6A4C-46C4-AE7B-5AB817A1E953}"
EndProject
Global
	GlobalSection(SolutionConfigurationPlatforms) = preSolution
		Debug|Any CPU = Debug|Any CPU
		Release|Any CPU = Release|Any CPU
	EndGlobalSection
	GlobalSection(ProjectConfigurationPlatforms) = postSolution
		{EC704F65-F6A0-4635-BF83-2A74DB858480}.Debug|Any CPU.ActiveCfg = Debug|Any CPU
		{EC704F65-F6A0-4635-BF83-2A74DB858480}.Debug|Any CPU.Build.0 = Debug|Any CPU
		{EC704F65-F6A0-4635-BF83-2A74DB858480}.Release|Any CPU.ActiveCfg = Release|Any CPU
		{EC704F65-F6A0-4635-BF83-2A74DB858480}.Release|Any CPU.Build.0 = Release|Any CPU
		{1457B657-1A5A-49B9-904B-581A18F2D10A}.Debug|Any CPU.ActiveCfg = Debug|Any CPU
		{1457B657-1A5A-49B9-904B-581A18F2D10A}.Debug|Any CPU.Build.0 = Debug|Any CPU
		{1457B657-1A5A-49B9-904B-581A18F2D10A}.Release|Any CPU.ActiveCfg = Release|Any CPU
		{1457B657-1A5A-49B9-904B-581A18F2D10A}.Release|Any CPU.Build.0 = Release|Any CPU
		{181AFEDF-6A4C-46C4-AE7B-5AB817A1E953}.Debug|Any CPU.ActiveCfg = Debug|Any CPU
		{181AFEDF-6A4C-46C4-AE7B-5AB817A1E953}.Debug|Any CPU.Build.0 = Debug|Any CPU
		{181AFEDF-6A4C-46C4-AE7B-5AB817A1E953}.Release|Any CPU.ActiveCfg = Release|Any CPU
		{181AFEDF-6A4C-46C4-AE7B-5AB817A1E953}.Release|Any CPU.Build.0 = Release|Any CPU
	EndGlobalSection
	GlobalSection(SolutionProperties) = preSolution
		HideSolutionNode = FALSE
	EndGlobalSection
	GlobalSection(ExtensibilityGlobals) = postSolution
		SolutionGuid = {1F925B41-5A6A-4248-AB6F-04C8E6038030}
	EndGlobalSection
EndGlobal
